
Microsoft Visual Studio Solution File, Format Version 12.00
# Visual Studio Version 16
VisualStudioVersion = 16.0.30011.22
MinimumVisualStudioVersion = 10.0.40219.1
Project("{9A19103F-16F7-4668-BE54-9A1E7A4F7556}") = "PracticaORM", "PracticaORM.csproj", "{824038C6-4C78-461E-BBF0-8443109A728D}"
EndProject
Global
	GlobalSection(SolutionConfigurationPlatforms) = preSolution
		Debug|Any CPU = Debug|Any CPU
		Release|Any CPU = Release|Any CPU
	EndGlobalSection
	GlobalSection(ProjectConfigurationPlatforms) = postSolution
		{824038C6-4C78-461E-BBF0-8443109A728D}.Debug|Any CPU.ActiveCfg = Debug|Any CPU
		{824038C6-4C78-461E-BBF0-8443109A728D}.Debug|Any CPU.Build.0 = Debug|Any CPU
		{824038C6-4C78-461E-BBF0-8443109A728D}.Release|Any CPU.ActiveCfg = Release|Any CPU
		{824038C6-4C78-461E-BBF0-8443109A728D}.Release|Any CPU.Build.0 = Release|Any CPU
	EndGlobalSection
	GlobalSection(SolutionProperties) = preSolution
		HideSolutionNode = FALSE
	EndGlobalSection
	GlobalSection(ExtensibilityGlobals) = postSolution
		SolutionGuid = {C67770FB-FCFC-4287-8378-C6B655040291}
	EndGlobalSection
EndGlobal
